// !$*UTF8*$!
{
	archiveVersion = 1;
	classes = {
	};
	objectVersion = 55;
	objects = {

/* Begin PBXBuildFile section */
		2C58B508274A2ECA00846D53 /* AppDelegate.swift in Sources */ = {isa = PBXBuildFile; fileRef = 2C58B507274A2ECA00846D53 /* AppDelegate.swift */; };
		2C58B50A274A2ECA00846D53 /* SceneDelegate.swift in Sources */ = {isa = PBXBuildFile; fileRef = 2C58B509274A2ECA00846D53 /* SceneDelegate.swift */; };
		2C58B50C274A2ECA00846D53 /* ViewController.swift in Sources */ = {isa = PBXBuildFile; fileRef = 2C58B50B274A2ECA00846D53 /* ViewController.swift */; };
		2C58B50F274A2ECA00846D53 /* Main.storyboard in Resources */ = {isa = PBXBuildFile; fileRef = 2C58B50D274A2ECA00846D53 /* Main.storyboard */; };
		2C58B511274A2ECC00846D53 /* Assets.xcassets in Resources */ = {isa = PBXBuildFile; fileRef = 2C58B510274A2ECC00846D53 /* Assets.xcassets */; };
		2C58B514274A2ECC00846D53 /* LaunchScreen.storyboard in Resources */ = {isa = PBXBuildFile; fileRef = 2C58B512274A2ECC00846D53 /* LaunchScreen.storyboard */; };
		2C58B51F274A2ECC00846D53 /* FirebaseStorage_iosTests.swift in Sources */ = {isa = PBXBuildFile; fileRef = 2C58B51E274A2ECC00846D53 /* FirebaseStorage_iosTests.swift */; };
		2C58B529274A2ECC00846D53 /* FirebaseStorage_iosUITests.swift in Sources */ = {isa = PBXBuildFile; fileRef = 2C58B528274A2ECC00846D53 /* FirebaseStorage_iosUITests.swift */; };
		2C58B52B274A2ECD00846D53 /* FirebaseStorage_iosUITestsLaunchTests.swift in Sources */ = {isa = PBXBuildFile; fileRef = 2C58B52A274A2ECD00846D53 /* FirebaseStorage_iosUITestsLaunchTests.swift */; };
		2C58B538274A2FB200846D53 /* GoogleService-Info.plist in Resources */ = {isa = PBXBuildFile; fileRef = 2C58B537274A2FB200846D53 /* GoogleService-Info.plist */; };
		2C58B53A274A33B800846D53 /* SelectImageViewController.swift in Sources */ = {isa = PBXBuildFile; fileRef = 2C58B539274A33B700846D53 /* SelectImageViewController.swift */; };
		2C58B53C274A415300846D53 /* DisplayImageViewController.swift in Sources */ = {isa = PBXBuildFile; fileRef = 2C58B53B274A415300846D53 /* DisplayImageViewController.swift */; };
		6989A9770BBDD5CF1089A73A /* Pods_FirebaseStorage_ios_FirebaseStorage_iosUITests.framework in Frameworks */ = {isa = PBXBuildFile; fileRef = 67AF103CE28570162672088A /* Pods_FirebaseStorage_ios_FirebaseStorage_iosUITests.framework */; };
		E333FCF2F5E11B2D3DB3BD3D /* Pods_FirebaseStorage_ios.framework in Frameworks */ = {isa = PBXBuildFile; fileRef = 755882D1783898889C2C8772 /* Pods_FirebaseStorage_ios.framework */; };
		E545E327D7E83812D004A10E /* Pods_FirebaseStorage_iosTests.framework in Frameworks */ = {isa = PBXBuildFile; fileRef = 188397B555DCA0DEC34AFCBF /* Pods_FirebaseStorage_iosTests.framework */; };
/* End PBXBuildFile section */

/* Begin PBXContainerItemProxy section */
		2C58B51B274A2ECC00846D53 /* PBXContainerItemProxy */ = {
			isa = PBXContainerItemProxy;
			containerPortal = 2C58B4FC274A2EC900846D53 /* Project object */;
			proxyType = 1;
			remoteGlobalIDString = 2C58B503274A2EC900846D53;
			remoteInfo = "FirebaseStorage-ios";
		};
		2C58B525274A2ECC00846D53 /* PBXContainerItemProxy */ = {
			isa = PBXContainerItemProxy;
			containerPortal = 2C58B4FC274A2EC900846D53 /* Project object */;
			proxyType = 1;
			remoteGlobalIDString = 2C58B503274A2EC900846D53;
			remoteInfo = "FirebaseStorage-ios";
		};
/* End PBXContainerItemProxy section */

/* Begin PBXFileReference section */
		188397B555DCA0DEC34AFCBF /* Pods_FirebaseStorage_iosTests.framework */ = {isa = PBXFileReference; explicitFileType = wrapper.framework; includeInIndex = 0; path = Pods_FirebaseStorage_iosTests.framework; sourceTree = BUILT_PRODUCTS_DIR; };
		2C58B504274A2ECA00846D53 /* FirebaseStorage-ios.app */ = {isa = PBXFileReference; explicitFileType = wrapper.application; includeInIndex = 0; path = "FirebaseStorage-ios.app"; sourceTree = BUILT_PRODUCTS_DIR; };
		2C58B507274A2ECA00846D53 /* AppDelegate.swift */ = {isa = PBXFileReference; lastKnownFileType = sourcecode.swift; path = AppDelegate.swift; sourceTree = "<group>"; };
		2C58B509274A2ECA00846D53 /* SceneDelegate.swift */ = {isa = PBXFileReference; lastKnownFileType = sourcecode.swift; path = SceneDelegate.swift; sourceTree = "<group>"; };
		2C58B50B274A2ECA00846D53 /* ViewController.swift */ = {isa = PBXFileReference; lastKnownFileType = sourcecode.swift; path = ViewController.swift; sourceTree = "<group>"; };
		2C58B50E274A2ECA00846D53 /* Base */ = {isa = PBXFileReference; lastKnownFileType = file.storyboard; name = Base; path = Base.lproj/Main.storyboard; sourceTree = "<group>"; };
		2C58B510274A2ECC00846D53 /* Assets.xcassets */ = {isa = PBXFileReference; lastKnownFileType = folder.assetcatalog; path = Assets.xcassets; sourceTree = "<group>"; };
		2C58B513274A2ECC00846D53 /* Base */ = {isa = PBXFileReference; lastKnownFileType = file.storyboard; name = Base; path = Base.lproj/LaunchScreen.storyboard; sourceTree = "<group>"; };
		2C58B515274A2ECC00846D53 /* Info.plist */ = {isa = PBXFileReference; lastKnownFileType = text.plist.xml; path = Info.plist; sourceTree = "<group>"; };
		2C58B51A274A2ECC00846D53 /* FirebaseStorage-iosTests.xctest */ = {isa = PBXFileReference; explicitFileType = wrapper.cfbundle; includeInIndex = 0; path = "FirebaseStorage-iosTests.xctest"; sourceTree = BUILT_PRODUCTS_DIR; };
		2C58B51E274A2ECC00846D53 /* FirebaseStorage_iosTests.swift */ = {isa = PBXFileReference; lastKnownFileType = sourcecode.swift; path = FirebaseStorage_iosTests.swift; sourceTree = "<group>"; };
		2C58B524274A2ECC00846D53 /* FirebaseStorage-iosUITests.xctest */ = {isa = PBXFileReference; explicitFileType = wrapper.cfbundle; includeInIndex = 0; path = "FirebaseStorage-iosUITests.xctest"; sourceTree = BUILT_PRODUCTS_DIR; };
		2C58B528274A2ECC00846D53 /* FirebaseStorage_iosUITests.swift */ = {isa = PBXFileReference; lastKnownFileType = sourcecode.swift; path = FirebaseStorage_iosUITests.swift; sourceTree = "<group>"; };
		2C58B52A274A2ECD00846D53 /* FirebaseStorage_iosUITestsLaunchTests.swift */ = {isa = PBXFileReference; lastKnownFileType = sourcecode.swift; path = FirebaseStorage_iosUITestsLaunchTests.swift; sourceTree = "<group>"; };
		2C58B537274A2FB200846D53 /* GoogleService-Info.plist */ = {isa = PBXFileReference; fileEncoding = 4; lastKnownFileType = text.plist.xml; path = "GoogleService-Info.plist"; sourceTree = "<group>"; };
		2C58B539274A33B700846D53 /* SelectImageViewController.swift */ = {isa = PBXFileReference; lastKnownFileType = sourcecode.swift; path = SelectImageViewController.swift; sourceTree = "<group>"; };
		2C58B53B274A415300846D53 /* DisplayImageViewController.swift */ = {isa = PBXFileReference; lastKnownFileType = sourcecode.swift; path = DisplayImageViewController.swift; sourceTree = "<group>"; };
		4D4FEB5065AB52FD60129694 /* Pods-FirebaseStorage-ios.debug.xcconfig */ = {isa = PBXFileReference; includeInIndex = 1; lastKnownFileType = text.xcconfig; name = "Pods-FirebaseStorage-ios.debug.xcconfig"; path = "Target Support Files/Pods-FirebaseStorage-ios/Pods-FirebaseStorage-ios.debug.xcconfig"; sourceTree = "<group>"; };
		67AF103CE28570162672088A /* Pods_FirebaseStorage_ios_FirebaseStorage_iosUITests.framework */ = {isa = PBXFileReference; explicitFileType = wrapper.framework; includeInIndex = 0; path = Pods_FirebaseStorage_ios_FirebaseStorage_iosUITests.framework; sourceTree = BUILT_PRODUCTS_DIR; };
		6A40EBBF95F99AD2BFFB96D4 /* Pods-FirebaseStorage-ios-FirebaseStorage-iosUITests.release.xcconfig */ = {isa = PBXFileReference; includeInIndex = 1; lastKnownFileType = text.xcconfig; name = "Pods-FirebaseStorage-ios-FirebaseStorage-iosUITests.release.xcconfig"; path = "Target Support Files/Pods-FirebaseStorage-ios-FirebaseStorage-iosUITests/Pods-FirebaseStorage-ios-FirebaseStorage-iosUITests.release.xcconfig"; sourceTree = "<group>"; };
		755882D1783898889C2C8772 /* Pods_FirebaseStorage_ios.framework */ = {isa = PBXFileReference; explicitFileType = wrapper.framework; includeInIndex = 0; path = Pods_FirebaseStorage_ios.framework; sourceTree = BUILT_PRODUCTS_DIR; };
		A1315BDB6105AA11EB1A439E /* Pods-FirebaseStorage-iosTests.release.xcconfig */ = {isa = PBXFileReference; includeInIndex = 1; lastKnownFileType = text.xcconfig; name = "Pods-FirebaseStorage-iosTests.release.xcconfig"; path = "Target Support Files/Pods-FirebaseStorage-iosTests/Pods-FirebaseStorage-iosTests.release.xcconfig"; sourceTree = "<group>"; };
		C3D9BD7021ECB40667546659 /* Pods-FirebaseStorage-iosTests.debug.xcconfig */ = {isa = PBXFileReference; includeInIndex = 1; lastKnownFileType = text.xcconfig; name = "Pods-FirebaseStorage-iosTests.debug.xcconfig"; path = "Target Support Files/Pods-FirebaseStorage-iosTests/Pods-FirebaseStorage-iosTests.debug.xcconfig"; sourceTree = "<group>"; };
		E9BF725AFA5B692C7301630E /* Pods-FirebaseStorage-ios.release.xcconfig */ = {isa = PBXFileReference; includeInIndex = 1; lastKnownFileType = text.xcconfig; name = "Pods-FirebaseStorage-ios.release.xcconfig"; path = "Target Support Files/Pods-FirebaseStorage-ios/Pods-FirebaseStorage-ios.release.xcconfig"; sourceTree = "<group>"; };
		F2AF22D23751AC7BBE94E958 /* Pods-FirebaseStorage-ios-FirebaseStorage-iosUITests.debug.xcconfig */ = {isa = PBXFileReference; includeInIndex = 1; lastKnownFileType = text.xcconfig; name = "Pods-FirebaseStorage-ios-FirebaseStorage-iosUITests.debug.xcconfig"; path = "Target Support Files/Pods-FirebaseStorage-ios-FirebaseStorage-iosUITests/Pods-FirebaseStorage-ios-FirebaseStorage-iosUITests.debug.xcconfig"; sourceTree = "<group>"; };
/* End PBXFileReference section */

/* Begin PBXFrameworksBuildPhase section */
		2C58B501274A2EC900846D53 /* Frameworks */ = {
			isa = PBXFrameworksBuildPhase;
			buildActionMask = 2147483647;
			files = (
				E333FCF2F5E11B2D3DB3BD3D /* Pods_FirebaseStorage_ios.framework in Frameworks */,
			);
			runOnlyForDeploymentPostprocessing = 0;
		};
		2C58B517274A2ECC00846D53 /* Frameworks */ = {
			isa = PBXFrameworksBuildPhase;
			buildActionMask = 2147483647;
			files = (
				E545E327D7E83812D004A10E /* Pods_FirebaseStorage_iosTests.framework in Frameworks */,
			);
			runOnlyForDeploymentPostprocessing = 0;
		};
		2C58B521274A2ECC00846D53 /* Frameworks */ = {
			isa = PBXFrameworksBuildPhase;
			buildActionMask = 2147483647;
			files = (
				6989A9770BBDD5CF1089A73A /* Pods_FirebaseStorage_ios_FirebaseStorage_iosUITests.framework in Frameworks */,
			);
			runOnlyForDeploymentPostprocessing = 0;
		};
/* End PBXFrameworksBuildPhase section */

/* Begin PBXGroup section */
		2C58B4FB274A2EC900846D53 = {
			isa = PBXGroup;
			children = (
				2C58B506274A2ECA00846D53 /* FirebaseStorage-ios */,
				2C58B51D274A2ECC00846D53 /* FirebaseStorage-iosTests */,
				2C58B527274A2ECC00846D53 /* FirebaseStorage-iosUITests */,
				2C58B505274A2ECA00846D53 /* Products */,
				AABCD5F1CB9EC76C8F957647 /* Pods */,
				425401D1E41C77FE85570355 /* Frameworks */,
			);
			sourceTree = "<group>";
		};
		2C58B505274A2ECA00846D53 /* Products */ = {
			isa = PBXGroup;
			children = (
				2C58B504274A2ECA00846D53 /* FirebaseStorage-ios.app */,
				2C58B51A274A2ECC00846D53 /* FirebaseStorage-iosTests.xctest */,
				2C58B524274A2ECC00846D53 /* FirebaseStorage-iosUITests.xctest */,
			);
			name = Products;
			sourceTree = "<group>";
		};
		2C58B506274A2ECA00846D53 /* FirebaseStorage-ios */ = {
			isa = PBXGroup;
			children = (
				2C58B537274A2FB200846D53 /* GoogleService-Info.plist */,
				2C58B507274A2ECA00846D53 /* AppDelegate.swift */,
				2C58B509274A2ECA00846D53 /* SceneDelegate.swift */,
				2C58B50B274A2ECA00846D53 /* ViewController.swift */,
				2C58B50D274A2ECA00846D53 /* Main.storyboard */,
				2C58B510274A2ECC00846D53 /* Assets.xcassets */,
				2C58B512274A2ECC00846D53 /* LaunchScreen.storyboard */,
				2C58B515274A2ECC00846D53 /* Info.plist */,
				2C58B539274A33B700846D53 /* SelectImageViewController.swift */,
				2C58B53B274A415300846D53 /* DisplayImageViewController.swift */,
			);
			path = "FirebaseStorage-ios";
			sourceTree = "<group>";
		};
		2C58B51D274A2ECC00846D53 /* FirebaseStorage-iosTests */ = {
			isa = PBXGroup;
			children = (
				2C58B51E274A2ECC00846D53 /* FirebaseStorage_iosTests.swift */,
			);
			path = "FirebaseStorage-iosTests";
			sourceTree = "<group>";
		};
		2C58B527274A2ECC00846D53 /* FirebaseStorage-iosUITests */ = {
			isa = PBXGroup;
			children = (
				2C58B528274A2ECC00846D53 /* FirebaseStorage_iosUITests.swift */,
				2C58B52A274A2ECD00846D53 /* FirebaseStorage_iosUITestsLaunchTests.swift */,
			);
			path = "FirebaseStorage-iosUITests";
			sourceTree = "<group>";
		};
		425401D1E41C77FE85570355 /* Frameworks */ = {
			isa = PBXGroup;
			children = (
				755882D1783898889C2C8772 /* Pods_FirebaseStorage_ios.framework */,
				67AF103CE28570162672088A /* Pods_FirebaseStorage_ios_FirebaseStorage_iosUITests.framework */,
				188397B555DCA0DEC34AFCBF /* Pods_FirebaseStorage_iosTests.framework */,
			);
			name = Frameworks;
			sourceTree = "<group>";
		};
		AABCD5F1CB9EC76C8F957647 /* Pods */ = {
			isa = PBXGroup;
			children = (
				4D4FEB5065AB52FD60129694 /* Pods-FirebaseStorage-ios.debug.xcconfig */,
				E9BF725AFA5B692C7301630E /* Pods-FirebaseStorage-ios.release.xcconfig */,
				F2AF22D23751AC7BBE94E958 /* Pods-FirebaseStorage-ios-FirebaseStorage-iosUITests.debug.xcconfig */,
				6A40EBBF95F99AD2BFFB96D4 /* Pods-FirebaseStorage-ios-FirebaseStorage-iosUITests.release.xcconfig */,
				C3D9BD7021ECB40667546659 /* Pods-FirebaseStorage-iosTests.debug.xcconfig */,
				A1315BDB6105AA11EB1A439E /* Pods-FirebaseStorage-iosTests.release.xcconfig */,
			);
			path = Pods;
			sourceTree = "<group>";
		};
/* End PBXGroup section */

/* Begin PBXNativeTarget section */
		2C58B503274A2EC900846D53 /* FirebaseStorage-ios */ = {
			isa = PBXNativeTarget;
			buildConfigurationList = 2C58B52E274A2ECD00846D53 /* Build configuration list for PBXNativeTarget "FirebaseStorage-ios" */;
			buildPhases = (
				CAED684B9EEB13C1C42233A5 /* [CP] Check Pods Manifest.lock */,
				2C58B500274A2EC900846D53 /* Sources */,
				2C58B501274A2EC900846D53 /* Frameworks */,
				2C58B502274A2EC900846D53 /* Resources */,
				70AE1EA8FA8905CE1BEA771B /* [CP] Embed Pods Frameworks */,
			);
			buildRules = (
			);
			dependencies = (
			);
			name = "FirebaseStorage-ios";
			productName = "FirebaseStorage-ios";
			productReference = 2C58B504274A2ECA00846D53 /* FirebaseStorage-ios.app */;
			productType = "com.apple.product-type.application";
		};
		2C58B519274A2ECC00846D53 /* FirebaseStorage-iosTests */ = {
			isa = PBXNativeTarget;
			buildConfigurationList = 2C58B531274A2ECD00846D53 /* Build configuration list for PBXNativeTarget "FirebaseStorage-iosTests" */;
			buildPhases = (
				66DC0D094A4E671FB00F139A /* [CP] Check Pods Manifest.lock */,
				2C58B516274A2ECC00846D53 /* Sources */,
				2C58B517274A2ECC00846D53 /* Frameworks */,
				2C58B518274A2ECC00846D53 /* Resources */,
			);
			buildRules = (
			);
			dependencies = (
				2C58B51C274A2ECC00846D53 /* PBXTargetDependency */,
			);
			name = "FirebaseStorage-iosTests";
			productName = "FirebaseStorage-iosTests";
			productReference = 2C58B51A274A2ECC00846D53 /* FirebaseStorage-iosTests.xctest */;
			productType = "com.apple.product-type.bundle.unit-test";
		};
		2C58B523274A2ECC00846D53 /* FirebaseStorage-iosUITests */ = {
			isa = PBXNativeTarget;
			buildConfigurationList = 2C58B534274A2ECD00846D53 /* Build configuration list for PBXNativeTarget "FirebaseStorage-iosUITests" */;
			buildPhases = (
				1FAD7779154A3A7A96529A60 /* [CP] Check Pods Manifest.lock */,
				2C58B520274A2ECC00846D53 /* Sources */,
				2C58B521274A2ECC00846D53 /* Frameworks */,
				2C58B522274A2ECC00846D53 /* Resources */,
				4E03294F1BD46321CFF9D3B2 /* [CP] Embed Pods Frameworks */,
			);
			buildRules = (
			);
			dependencies = (
				2C58B526274A2ECC00846D53 /* PBXTargetDependency */,
			);
			name = "FirebaseStorage-iosUITests";
			productName = "FirebaseStorage-iosUITests";
			productReference = 2C58B524274A2ECC00846D53 /* FirebaseStorage-iosUITests.xctest */;
			productType = "com.apple.product-type.bundle.ui-testing";
		};
/* End PBXNativeTarget section */

/* Begin PBXProject section */
		2C58B4FC274A2EC900846D53 /* Project object */ = {
			isa = PBXProject;
			attributes = {
				BuildIndependentTargetsInParallel = 1;
				LastSwiftUpdateCheck = 1300;
				LastUpgradeCheck = 1300;
				TargetAttributes = {
					2C58B503274A2EC900846D53 = {
						CreatedOnToolsVersion = 13.0;
					};
					2C58B519274A2ECC00846D53 = {
						CreatedOnToolsVersion = 13.0;
						TestTargetID = 2C58B503274A2EC900846D53;
					};
					2C58B523274A2ECC00846D53 = {
						CreatedOnToolsVersion = 13.0;
						TestTargetID = 2C58B503274A2EC900846D53;
					};
				};
			};
			buildConfigurationList = 2C58B4FF274A2EC900846D53 /* Build configuration list for PBXProject "FirebaseStorage-ios" */;
			compatibilityVersion = "Xcode 13.0";
			developmentRegion = en;
			hasScannedForEncodings = 0;
			knownRegions = (
				en,
				Base,
			);
			mainGroup = 2C58B4FB274A2EC900846D53;
			productRefGroup = 2C58B505274A2ECA00846D53 /* Products */;
			projectDirPath = "";
			projectRoot = "";
			targets = (
				2C58B503274A2EC900846D53 /* FirebaseStorage-ios */,
				2C58B519274A2ECC00846D53 /* FirebaseStorage-iosTests */,
				2C58B523274A2ECC00846D53 /* FirebaseStorage-iosUITests */,
			);
		};
/* End PBXProject section */

/* Begin PBXResourcesBuildPhase section */
		2C58B502274A2EC900846D53 /* Resources */ = {
			isa = PBXResourcesBuildPhase;
			buildActionMask = 2147483647;
			files = (
				2C58B514274A2ECC00846D53 /* LaunchScreen.storyboard in Resources */,
				2C58B538274A2FB200846D53 /* GoogleService-Info.plist in Resources */,
				2C58B511274A2ECC00846D53 /* Assets.xcassets in Resources */,
				2C58B50F274A2ECA00846D53 /* Main.storyboard in Resources */,
			);
			runOnlyForDeploymentPostprocessing = 0;
		};
		2C58B518274A2ECC00846D53 /* Resources */ = {
			isa = PBXResourcesBuildPhase;
			buildActionMask = 2147483647;
			files = (
			);
			runOnlyForDeploymentPostprocessing = 0;
		};
		2C58B522274A2ECC00846D53 /* Resources */ = {
			isa = PBXResourcesBuildPhase;
			buildActionMask = 2147483647;
			files = (
			);
			runOnlyForDeploymentPostprocessing = 0;
		};
/* End PBXResourcesBuildPhase section */

/* Begin PBXShellScriptBuildPhase section */
		1FAD7779154A3A7A96529A60 /* [CP] Check Pods Manifest.lock */ = {
			isa = PBXShellScriptBuildPhase;
			buildActionMask = 2147483647;
			files = (
			);
			inputFileListPaths = (
			);
			inputPaths = (
				"${PODS_PODFILE_DIR_PATH}/Podfile.lock",
				"${PODS_ROOT}/Manifest.lock",
			);
			name = "[CP] Check Pods Manifest.lock";
			outputFileListPaths = (
			);
			outputPaths = (
				"$(DERIVED_FILE_DIR)/Pods-FirebaseStorage-ios-FirebaseStorage-iosUITests-checkManifestLockResult.txt",
			);
			runOnlyForDeploymentPostprocessing = 0;
			shellPath = /bin/sh;
			shellScript = "diff \"${PODS_PODFILE_DIR_PATH}/Podfile.lock\" \"${PODS_ROOT}/Manifest.lock\" > /dev/null\nif [ $? != 0 ] ; then\n    # print error to STDERR\n    echo \"error: The sandbox is not in sync with the Podfile.lock. Run 'pod install' or update your CocoaPods installation.\" >&2\n    exit 1\nfi\n# This output is used by Xcode 'outputs' to avoid re-running this script phase.\necho \"SUCCESS\" > \"${SCRIPT_OUTPUT_FILE_0}\"\n";
			showEnvVarsInLog = 0;
		};
		4E03294F1BD46321CFF9D3B2 /* [CP] Embed Pods Frameworks */ = {
			isa = PBXShellScriptBuildPhase;
			buildActionMask = 2147483647;
			files = (
			);
			inputFileListPaths = (
				"${PODS_ROOT}/Target Support Files/Pods-FirebaseStorage-ios-FirebaseStorage-iosUITests/Pods-FirebaseStorage-ios-FirebaseStorage-iosUITests-frameworks-${CONFIGURATION}-input-files.xcfilelist",
			);
			name = "[CP] Embed Pods Frameworks";
			outputFileListPaths = (
				"${PODS_ROOT}/Target Support Files/Pods-FirebaseStorage-ios-FirebaseStorage-iosUITests/Pods-FirebaseStorage-ios-FirebaseStorage-iosUITests-frameworks-${CONFIGURATION}-output-files.xcfilelist",
			);
			runOnlyForDeploymentPostprocessing = 0;
			shellPath = /bin/sh;
			shellScript = "\"${PODS_ROOT}/Target Support Files/Pods-FirebaseStorage-ios-FirebaseStorage-iosUITests/Pods-FirebaseStorage-ios-FirebaseStorage-iosUITests-frameworks.sh\"\n";
			showEnvVarsInLog = 0;
		};
		66DC0D094A4E671FB00F139A /* [CP] Check Pods Manifest.lock */ = {
			isa = PBXShellScriptBuildPhase;
			buildActionMask = 2147483647;
			files = (
			);
			inputFileListPaths = (
			);
			inputPaths = (
				"${PODS_PODFILE_DIR_PATH}/Podfile.lock",
				"${PODS_ROOT}/Manifest.lock",
			);
			name = "[CP] Check Pods Manifest.lock";
			outputFileListPaths = (
			);
			outputPaths = (
				"$(DERIVED_FILE_DIR)/Pods-FirebaseStorage-iosTests-checkManifestLockResult.txt",
			);
			runOnlyForDeploymentPostprocessing = 0;
			shellPath = /bin/sh;
			shellScript = "diff \"${PODS_PODFILE_DIR_PATH}/Podfile.lock\" \"${PODS_ROOT}/Manifest.lock\" > /dev/null\nif [ $? != 0 ] ; then\n    # print error to STDERR\n    echo \"error: The sandbox is not in sync with the Podfile.lock. Run 'pod install' or update your CocoaPods installation.\" >&2\n    exit 1\nfi\n# This output is used by Xcode 'outputs' to avoid re-running this script phase.\necho \"SUCCESS\" > \"${SCRIPT_OUTPUT_FILE_0}\"\n";
			showEnvVarsInLog = 0;
		};
		70AE1EA8FA8905CE1BEA771B /* [CP] Embed Pods Frameworks */ = {
			isa = PBXShellScriptBuildPhase;
			buildActionMask = 2147483647;
			files = (
			);
			inputFileListPaths = (
				"${PODS_ROOT}/Target Support Files/Pods-FirebaseStorage-ios/Pods-FirebaseStorage-ios-frameworks-${CONFIGURATION}-input-files.xcfilelist",
			);
			name = "[CP] Embed Pods Frameworks";
			outputFileListPaths = (
				"${PODS_ROOT}/Target Support Files/Pods-FirebaseStorage-ios/Pods-FirebaseStorage-ios-frameworks-${CONFIGURATION}-output-files.xcfilelist",
			);
			runOnlyForDeploymentPostprocessing = 0;
			shellPath = /bin/sh;
			shellScript = "\"${PODS_ROOT}/Target Support Files/Pods-FirebaseStorage-ios/Pods-FirebaseStorage-ios-frameworks.sh\"\n";
			showEnvVarsInLog = 0;
		};
		CAED684B9EEB13C1C42233A5 /* [CP] Check Pods Manifest.lock */ = {
			isa = PBXShellScriptBuildPhase;
			buildActionMask = 2147483647;
			files = (
			);
			inputFileListPaths = (
			);
			inputPaths = (
				"${PODS_PODFILE_DIR_PATH}/Podfile.lock",
				"${PODS_ROOT}/Manifest.lock",
			);
			name = "[CP] Check Pods Manifest.lock";
			outputFileListPaths = (
			);
			outputPaths = (
				"$(DERIVED_FILE_DIR)/Pods-FirebaseStorage-ios-checkManifestLockResult.txt",
			);
			runOnlyForDeploymentPostprocessing = 0;
			shellPath = /bin/sh;
			shellScript = "diff \"${PODS_PODFILE_DIR_PATH}/Podfile.lock\" \"${PODS_ROOT}/Manifest.lock\" > /dev/null\nif [ $? != 0 ] ; then\n    # print error to STDERR\n    echo \"error: The sandbox is not in sync with the Podfile.lock. Run 'pod install' or update your CocoaPods installation.\" >&2\n    exit 1\nfi\n# This output is used by Xcode 'outputs' to avoid re-running this script phase.\necho \"SUCCESS\" > \"${SCRIPT_OUTPUT_FILE_0}\"\n";
			showEnvVarsInLog = 0;
		};
/* End PBXShellScriptBuildPhase section */

/* Begin PBXSourcesBuildPhase section */
		2C58B500274A2EC900846D53 /* Sources */ = {
			isa = PBXSourcesBuildPhase;
			buildActionMask = 2147483647;
			files = (
				2C58B53C274A415300846D53 /* DisplayImageViewController.swift in Sources */,
				2C58B53A274A33B800846D53 /* SelectImageViewController.swift in Sources */,
				2C58B50C274A2ECA00846D53 /* ViewController.swift in Sources */,
				2C58B508274A2ECA00846D53 /* AppDelegate.swift in Sources */,
				2C58B50A274A2ECA00846D53 /* SceneDelegate.swift in Sources */,
			);
			runOnlyForDeploymentPostprocessing = 0;
		};
		2C58B516274A2ECC00846D53 /* Sources */ = {
			isa = PBXSourcesBuildPhase;
			buildActionMask = 2147483647;
			files = (
				2C58B51F274A2ECC00846D53 /* FirebaseStorage_iosTests.swift in Sources */,
			);
			runOnlyForDeploymentPostprocessing = 0;
		};
		2C58B520274A2ECC00846D53 /* Sources */ = {
			isa = PBXSourcesBuildPhase;
			buildActionMask = 2147483647;
			files = (
				2C58B529274A2ECC00846D53 /* FirebaseStorage_iosUITests.swift in Sources */,
				2C58B52B274A2ECD00846D53 /* FirebaseStorage_iosUITestsLaunchTests.swift in Sources */,
			);
			runOnlyForDeploymentPostprocessing = 0;
		};
/* End PBXSourcesBuildPhase section */

/* Begin PBXTargetDependency section */
		2C58B51C274A2ECC00846D53 /* PBXTargetDependency */ = {
			isa = PBXTargetDependency;
			target = 2C58B503274A2EC900846D53 /* FirebaseStorage-ios */;
			targetProxy = 2C58B51B274A2ECC00846D53 /* PBXContainerItemProxy */;
		};
		2C58B526274A2ECC00846D53 /* PBXTargetDependency */ = {
			isa = PBXTargetDependency;
			target = 2C58B503274A2EC900846D53 /* FirebaseStorage-ios */;
			targetProxy = 2C58B525274A2ECC00846D53 /* PBXContainerItemProxy */;
		};
/* End PBXTargetDependency section */

/* Begin PBXVariantGroup section */
		2C58B50D274A2ECA00846D53 /* Main.storyboard */ = {
			isa = PBXVariantGroup;
			children = (
				2C58B50E274A2ECA00846D53 /* Base */,
			);
			name = Main.storyboard;
			sourceTree = "<group>";
		};
		2C58B512274A2ECC00846D53 /* LaunchScreen.storyboard */ = {
			isa = PBXVariantGroup;
			children = (
				2C58B513274A2ECC00846D53 /* Base */,
			);
			name = LaunchScreen.storyboard;
			sourceTree = "<group>";
		};
/* End PBXVariantGroup section */

/* Begin XCBuildConfiguration section */
		2C58B52C274A2ECD00846D53 /* Debug */ = {
			isa = XCBuildConfiguration;
			buildSettings = {
				ALWAYS_SEARCH_USER_PATHS = NO;
				CLANG_ANALYZER_NONNULL = YES;
				CLANG_ANALYZER_NUMBER_OBJECT_CONVERSION = YES_AGGRESSIVE;
				CLANG_CXX_LANGUAGE_STANDARD = "gnu++17";
				CLANG_CXX_LIBRARY = "libc++";
				CLANG_ENABLE_MODULES = YES;
				CLANG_ENABLE_OBJC_ARC = YES;
				CLANG_ENABLE_OBJC_WEAK = YES;
				CLANG_WARN_BLOCK_CAPTURE_AUTORELEASING = YES;
				CLANG_WARN_BOOL_CONVERSION = YES;
				CLANG_WARN_COMMA = YES;
				CLANG_WARN_CONSTANT_CONVERSION = YES;
				CLANG_WARN_DEPRECATED_OBJC_IMPLEMENTATIONS = YES;
				CLANG_WARN_DIRECT_OBJC_ISA_USAGE = YES_ERROR;
				CLANG_WARN_DOCUMENTATION_COMMENTS = YES;
				CLANG_WARN_EMPTY_BODY = YES;
				CLANG_WARN_ENUM_CONVERSION = YES;
				CLANG_WARN_INFINITE_RECURSION = YES;
				CLANG_WARN_INT_CONVERSION = YES;
				CLANG_WARN_NON_LITERAL_NULL_CONVERSION = YES;
				CLANG_WARN_OBJC_IMPLICIT_RETAIN_SELF = YES;
				CLANG_WARN_OBJC_LITERAL_CONVERSION = YES;
				CLANG_WARN_OBJC_ROOT_CLASS = YES_ERROR;
				CLANG_WARN_QUOTED_INCLUDE_IN_FRAMEWORK_HEADER = YES;
				CLANG_WARN_RANGE_LOOP_ANALYSIS = YES;
				CLANG_WARN_STRICT_PROTOTYPES = YES;
				CLANG_WARN_SUSPICIOUS_MOVE = YES;
				CLANG_WARN_UNGUARDED_AVAILABILITY = YES_AGGRESSIVE;
				CLANG_WARN_UNREACHABLE_CODE = YES;
				CLANG_WARN__DUPLICATE_METHOD_MATCH = YES;
				COPY_PHASE_STRIP = NO;
				DEBUG_INFORMATION_FORMAT = dwarf;
				ENABLE_STRICT_OBJC_MSGSEND = YES;
				ENABLE_TESTABILITY = YES;
				GCC_C_LANGUAGE_STANDARD = gnu11;
				GCC_DYNAMIC_NO_PIC = NO;
				GCC_NO_COMMON_BLOCKS = YES;
				GCC_OPTIMIZATION_LEVEL = 0;
				GCC_PREPROCESSOR_DEFINITIONS = (
					"DEBUG=1",
					"$(inherited)",
				);
				GCC_WARN_64_TO_32_BIT_CONVERSION = YES;
				GCC_WARN_ABOUT_RETURN_TYPE = YES_ERROR;
				GCC_WARN_UNDECLARED_SELECTOR = YES;
				GCC_WARN_UNINITIALIZED_AUTOS = YES_AGGRESSIVE;
				GCC_WARN_UNUSED_FUNCTION = YES;
				GCC_WARN_UNUSED_VARIABLE = YES;
				IPHONEOS_DEPLOYMENT_TARGET = 15.0;
				MTL_ENABLE_DEBUG_INFO = INCLUDE_SOURCE;
				MTL_FAST_MATH = YES;
				ONLY_ACTIVE_ARCH = YES;
				SDKROOT = iphoneos;
				SWIFT_ACTIVE_COMPILATION_CONDITIONS = DEBUG;
				SWIFT_OPTIMIZATION_LEVEL = "-Onone";
			};
			name = Debug;
		};
		2C58B52D274A2ECD00846D53 /* Release */ = {
			isa = XCBuildConfiguration;
			buildSettings = {
				ALWAYS_SEARCH_USER_PATHS = NO;
				CLANG_ANALYZER_NONNULL = YES;
				CLANG_ANALYZER_NUMBER_OBJECT_CONVERSION = YES_AGGRESSIVE;
				CLANG_CXX_LANGUAGE_STANDARD = "gnu++17";
				CLANG_CXX_LIBRARY = "libc++";
				CLANG_ENABLE_MODULES = YES;
				CLANG_ENABLE_OBJC_ARC = YES;
				CLANG_ENABLE_OBJC_WEAK = YES;
				CLANG_WARN_BLOCK_CAPTURE_AUTORELEASING = YES;
				CLANG_WARN_BOOL_CONVERSION = YES;
				CLANG_WARN_COMMA = YES;
				CLANG_WARN_CONSTANT_CONVERSION = YES;
				CLANG_WARN_DEPRECATED_OBJC_IMPLEMENTATIONS = YES;
				CLANG_WARN_DIRECT_OBJC_ISA_USAGE = YES_ERROR;
				CLANG_WARN_DOCUMENTATION_COMMENTS = YES;
				CLANG_WARN_EMPTY_BODY = YES;
				CLANG_WARN_ENUM_CONVERSION = YES;
				CLANG_WARN_INFINITE_RECURSION = YES;
				CLANG_WARN_INT_CONVERSION = YES;
				CLANG_WARN_NON_LITERAL_NULL_CONVERSION = YES;
				CLANG_WARN_OBJC_IMPLICIT_RETAIN_SELF = YES;
				CLANG_WARN_OBJC_LITERAL_CONVERSION = YES;
				CLANG_WARN_OBJC_ROOT_CLASS = YES_ERROR;
				CLANG_WARN_QUOTED_INCLUDE_IN_FRAMEWORK_HEADER = YES;
				CLANG_WARN_RANGE_LOOP_ANALYSIS = YES;
				CLANG_WARN_STRICT_PROTOTYPES = YES;
				CLANG_WARN_SUSPICIOUS_MOVE = YES;
				CLANG_WARN_UNGUARDED_AVAILABILITY = YES_AGGRESSIVE;
				CLANG_WARN_UNREACHABLE_CODE = YES;
				CLANG_WARN__DUPLICATE_METHOD_MATCH = YES;
				COPY_PHASE_STRIP = NO;
				DEBUG_INFORMATION_FORMAT = "dwarf-with-dsym";
				ENABLE_NS_ASSERTIONS = NO;
				ENABLE_STRICT_OBJC_MSGSEND = YES;
				GCC_C_LANGUAGE_STANDARD = gnu11;
				GCC_NO_COMMON_BLOCKS = YES;
				GCC_WARN_64_TO_32_BIT_CONVERSION = YES;
				GCC_WARN_ABOUT_RETURN_TYPE = YES_ERROR;
				GCC_WARN_UNDECLARED_SELECTOR = YES;
				GCC_WARN_UNINITIALIZED_AUTOS = YES_AGGRESSIVE;
				GCC_WARN_UNUSED_FUNCTION = YES;
				GCC_WARN_UNUSED_VARIABLE = YES;
				IPHONEOS_DEPLOYMENT_TARGET = 15.0;
				MTL_ENABLE_DEBUG_INFO = NO;
				MTL_FAST_MATH = YES;
				SDKROOT = iphoneos;
				SWIFT_COMPILATION_MODE = wholemodule;
				SWIFT_OPTIMIZATION_LEVEL = "-O";
				VALIDATE_PRODUCT = YES;
			};
			name = Release;
		};
		2C58B52F274A2ECD00846D53 /* Debug */ = {
			isa = XCBuildConfiguration;
			baseConfigurationReference = 4D4FEB5065AB52FD60129694 /* Pods-FirebaseStorage-ios.debug.xcconfig */;
			buildSettings = {
				ASSETCATALOG_COMPILER_APPICON_NAME = AppIcon;
				ASSETCATALOG_COMPILER_GLOBAL_ACCENT_COLOR_NAME = AccentColor;
				CODE_SIGN_STYLE = Automatic;
				CURRENT_PROJECT_VERSION = 1;
				DEVELOPMENT_TEAM = VYY6NT3X7Q;
				GENERATE_INFOPLIST_FILE = YES;
				INFOPLIST_FILE = "FirebaseStorage-ios/Info.plist";
				INFOPLIST_KEY_UIApplicationSupportsIndirectInputEvents = YES;
				INFOPLIST_KEY_UILaunchStoryboardName = LaunchScreen;
				INFOPLIST_KEY_UIMainStoryboardFile = Main;
				INFOPLIST_KEY_UISupportedInterfaceOrientations_iPad = "UIInterfaceOrientationPortrait UIInterfaceOrientationPortraitUpsideDown UIInterfaceOrientationLandscapeLeft UIInterfaceOrientationLandscapeRight";
				INFOPLIST_KEY_UISupportedInterfaceOrientations_iPhone = "UIInterfaceOrientationPortrait UIInterfaceOrientationLandscapeLeft UIInterfaceOrientationLandscapeRight";
				LD_RUNPATH_SEARCH_PATHS = (
					"$(inherited)",
					"@executable_path/Frameworks",
				);
				MARKETING_VERSION = 1.0;
				PRODUCT_BUNDLE_IDENTIFIER = "app.akki.ito.FirebaseStorage-ios";
				PRODUCT_NAME = "$(TARGET_NAME)";
				SWIFT_EMIT_LOC_STRINGS = YES;
				SWIFT_VERSION = 5.0;
				TARGETED_DEVICE_FAMILY = "1,2";
			};
			name = Debug;
		};
		2C58B530274A2ECD00846D53 /* Release */ = {
			isa = XCBuildConfiguration;
			baseConfigurationReference = E9BF725AFA5B692C7301630E /* Pods-FirebaseStorage-ios.release.xcconfig */;
			buildSettings = {
				ASSETCATALOG_COMPILER_APPICON_NAME = AppIcon;
				ASSETCATALOG_COMPILER_GLOBAL_ACCENT_COLOR_NAME = AccentColor;
				CODE_SIGN_STYLE = Automatic;
				CURRENT_PROJECT_VERSION = 1;
				DEVELOPMENT_TEAM = VYY6NT3X7Q;
				GENERATE_INFOPLIST_FILE = YES;
				INFOPLIST_FILE = "FirebaseStorage-ios/Info.plist";
				INFOPLIST_KEY_UIApplicationSupportsIndirectInputEvents = YES;
				INFOPLIST_KEY_UILaunchStoryboardName = LaunchScreen;
				INFOPLIST_KEY_UIMainStoryboardFile = Main;
				INFOPLIST_KEY_UISupportedInterfaceOrientations_iPad = "UIInterfaceOrientationPortrait UIInterfaceOrientationPortraitUpsideDown UIInterfaceOrientationLandscapeLeft UIInterfaceOrientationLandscapeRight";
				INFOPLIST_KEY_UISupportedInterfaceOrientations_iPhone = "UIInterfaceOrientationPortrait UIInterfaceOrientationLandscapeLeft UIInterfaceOrientationLandscapeRight";
				LD_RUNPATH_SEARCH_PATHS = (
					"$(inherited)",
					"@executable_path/Frameworks",
				);
				MARKETING_VERSION = 1.0;
				PRODUCT_BUNDLE_IDENTIFIER = "app.akki.ito.FirebaseStorage-ios";
				PRODUCT_NAME = "$(TARGET_NAME)";
				SWIFT_EMIT_LOC_STRINGS = YES;
				SWIFT_VERSION = 5.0;
				TARGETED_DEVICE_FAMILY = "1,2";
			};
			name = Release;
		};
		2C58B532274A2ECD00846D53 /* Debug */ = {
			isa = XCBuildConfiguration;
			baseConfigurationReference = C3D9BD7021ECB40667546659 /* Pods-FirebaseStorage-iosTests.debug.xcconfig */;
			buildSettings = {
				ALWAYS_EMBED_SWIFT_STANDARD_LIBRARIES = YES;
				BUNDLE_LOADER = "$(TEST_HOST)";
				CODE_SIGN_STYLE = Automatic;
				CURRENT_PROJECT_VERSION = 1;
				DEVELOPMENT_TEAM = VYY6NT3X7Q;
				GENERATE_INFOPLIST_FILE = YES;
				IPHONEOS_DEPLOYMENT_TARGET = 15.0;
				LD_RUNPATH_SEARCH_PATHS = (
					"$(inherited)",
					"@executable_path/Frameworks",
					"@loader_path/Frameworks",
				);
				MARKETING_VERSION = 1.0;
				PRODUCT_BUNDLE_IDENTIFIER = "app.akki.ito.FirebaseStorage-iosTests";
				PRODUCT_NAME = "$(TARGET_NAME)";
				SWIFT_EMIT_LOC_STRINGS = NO;
				SWIFT_VERSION = 5.0;
				TARGETED_DEVICE_FAMILY = "1,2";
				TEST_HOST = "$(BUILT_PRODUCTS_DIR)/FirebaseStorage-ios.app/FirebaseStorage-ios";
			};
			name = Debug;
		};
		2C58B533274A2ECD00846D53 /* Release */ = {
			isa = XCBuildConfiguration;
			baseConfigurationReference = A1315BDB6105AA11EB1A439E /* Pods-FirebaseStorage-iosTests.release.xcconfig */;
			buildSettings = {
				ALWAYS_EMBED_SWIFT_STANDARD_LIBRARIES = YES;
				BUNDLE_LOADER = "$(TEST_HOST)";
				CODE_SIGN_STYLE = Automatic;
				CURRENT_PROJECT_VERSION = 1;
				DEVELOPMENT_TEAM = VYY6NT3X7Q;
				GENERATE_INFOPLIST_FILE = YES;
				IPHONEOS_DEPLOYMENT_TARGET = 15.0;
				LD_RUNPATH_SEARCH_PATHS = (
					"$(inherited)",
					"@executable_path/Frameworks",
					"@loader_path/Frameworks",
				);
				MARKETING_VERSION = 1.0;
				PRODUCT_BUNDLE_IDENTIFIER = "app.akki.ito.FirebaseStorage-iosTests";
				PRODUCT_NAME = "$(TARGET_NAME)";
				SWIFT_EMIT_LOC_STRINGS = NO;
				SWIFT_VERSION = 5.0;
				TARGETED_DEVICE_FAMILY = "1,2";
				TEST_HOST = "$(BUILT_PRODUCTS_DIR)/FirebaseStorage-ios.app/FirebaseStorage-ios";
			};
			name = Release;
		};
		2C58B535274A2ECD00846D53 /* Debug */ = {
			isa = XCBuildConfiguration;
			baseConfigurationReference = F2AF22D23751AC7BBE94E958 /* Pods-FirebaseStorage-ios-FirebaseStorage-iosUITests.debug.xcconfig */;
			buildSettings = {
				ALWAYS_EMBED_SWIFT_STANDARD_LIBRARIES = YES;
				CODE_SIGN_STYLE = Automatic;
				CURRENT_PROJECT_VERSION = 1;
				DEVELOPMENT_TEAM = VYY6NT3X7Q;
				GENERATE_INFOPLIST_FILE = YES;
				LD_RUNPATH_SEARCH_PATHS = (
					"$(inherited)",
					"@executable_path/Frameworks",
					"@loader_path/Frameworks",
				);
				MARKETING_VERSION = 1.0;
				PRODUCT_BUNDLE_IDENTIFIER = "app.akki.ito.FirebaseStorage-iosUITests";
				PRODUCT_NAME = "$(TARGET_NAME)";
				SWIFT_EMIT_LOC_STRINGS = NO;
				SWIFT_VERSION = 5.0;
				TARGETED_DEVICE_FAMILY = "1,2";
				TEST_TARGET_NAME = "FirebaseStorage-ios";
			};
			name = Debug;
		};
		2C58B536274A2ECD00846D53 /* Release */ = {
			isa = XCBuildConfiguration;
			baseConfigurationReference = 6A40EBBF95F99AD2BFFB96D4 /* Pods-FirebaseStorage-ios-FirebaseStorage-iosUITests.release.xcconfig */;
			buildSettings = {
				ALWAYS_EMBED_SWIFT_STANDARD_LIBRARIES = YES;
				CODE_SIGN_STYLE = Automatic;
				CURRENT_PROJECT_VERSION = 1;
				DEVELOPMENT_TEAM = VYY6NT3X7Q;
				GENERATE_INFOPLIST_FILE = YES;
				LD_RUNPATH_SEARCH_PATHS = (
					"$(inherited)",
					"@executable_path/Frameworks",
					"@loader_path/Frameworks",
				);
				MARKETING_VERSION = 1.0;
				PRODUCT_BUNDLE_IDENTIFIER = "app.akki.ito.FirebaseStorage-iosUITests";
				PRODUCT_NAME = "$(TARGET_NAME)";
				SWIFT_EMIT_LOC_STRINGS = NO;
				SWIFT_VERSION = 5.0;
				TARGETED_DEVICE_FAMILY = "1,2";
				TEST_TARGET_NAME = "FirebaseStorage-ios";
			};
			name = Release;
		};
/* End XCBuildConfiguration section */

/* Begin XCConfigurationList section */
		2C58B4FF274A2EC900846D53 /* Build configuration list for PBXProject "FirebaseStorage-ios" */ = {
			isa = XCConfigurationList;
			buildConfigurations = (
				2C58B52C274A2ECD00846D53 /* Debug */,
				2C58B52D274A2ECD00846D53 /* Release */,
			);
			defaultConfigurationIsVisible = 0;
			defaultConfigurationName = Release;
		};
		2C58B52E274A2ECD00846D53 /* Build configuration list for PBXNativeTarget "FirebaseStorage-ios" */ = {
			isa = XCConfigurationList;
			buildConfigurations = (
				2C58B52F274A2ECD00846D53 /* Debug */,
				2C58B530274A2ECD00846D53 /* Release */,
			);
			defaultConfigurationIsVisible = 0;
			defaultConfigurationName = Release;
		};
		2C58B531274A2ECD00846D53 /* Build configuration list for PBXNativeTarget "FirebaseStorage-iosTests" */ = {
			isa = XCConfigurationList;
			buildConfigurations = (
				2C58B532274A2ECD00846D53 /* Debug */,
				2C58B533274A2ECD00846D53 /* Release */,
			);
			defaultConfigurationIsVisible = 0;
			defaultConfigurationName = Release;
		};
		2C58B534274A2ECD00846D53 /* Build configuration list for PBXNativeTarget "FirebaseStorage-iosUITests" */ = {
			isa = XCConfigurationList;
			buildConfigurations = (
				2C58B535274A2ECD00846D53 /* Debug */,
				2C58B536274A2ECD00846D53 /* Release */,
			);
			defaultConfigurationIsVisible = 0;
			defaultConfigurationName = Release;
		};
/* End XCConfigurationList section */
	};
	rootObject = 2C58B4FC274A2EC900846D53 /* Project object */;
}
